
Microsoft Visual Studio Solution File, Format Version 12.00
# Visual Studio Version 17
VisualStudioVersion = 17.0.31912.275
MinimumVisualStudioVersion = 10.0.40219.1
Project("{FAE04EC0-301F-11D3-BF4B-00C04F79EFBC}") = "RunInBackground", "RunInBackground.csproj", "{BDCEEACD-678D-48AA-898B-A2C7DC03D0A7}"
EndProject
Global
	GlobalSection(SolutionConfigurationPlatforms) = preSolution
		Debug|Any CPU = Debug|Any CPU
		Release|Any CPU = Release|Any CPU
	EndGlobalSection
	GlobalSection(ProjectConfigurationPlatforms) = postSolution
		{BDCEEACD-678D-48AA-898B-A2C7DC03D0A7}.Debug|Any CPU.ActiveCfg = Debug|Any CPU
		{BDCEEACD-678D-48AA-898B-A2C7DC03D0A7}.Debug|Any CPU.Build.0 = Debug|Any CPU
		{BDCEEACD-678D-48AA-898B-A2C7DC03D0A7}.Release|Any CPU.ActiveCfg = Release|Any CPU
		{BDCEEACD-678D-48AA-898B-A2C7DC03D0A7}.Release|Any CPU.Build.0 = Release|Any CPU
	EndGlobalSection
	GlobalSection(SolutionProperties) = preSolution
		HideSolutionNode = FALSE
	EndGlobalSection
	GlobalSection(ExtensibilityGlobals) = postSolution
		SolutionGuid = {CF4D54D6-C653-448B-9E87-B9D623D55768}
	EndGlobalSection
EndGlobal
